
Microsoft Visual Studio Solution File, Format Version 12.00
# Visual Studio 2013
VisualStudioVersion = 12.0.30723.0
MinimumVisualStudioVersion = 10.0.40219.1
Project("{FAE04EC0-301F-11D3-BF4B-00C04F79EFBC}") = "LTreesLibrary", "LTreesLibrary\LTreesLibrary.csproj", "{8AAAB1D0-6C1D-4F92-851B-56D4611A6D1E}"
EndProject
Project("{FAE04EC0-301F-11D3-BF4B-00C04F79EFBC}") = "LTreesPipeline", "LTreesPipeline\LTreesPipeline.csproj", "{199AA449-800E-4908-BF49-778990A2983A}"
EndProject
Project("{FAE04EC0-301F-11D3-BF4B-00C04F79EFBC}") = "LTreeDemo", "LTreeDemo\LTreeDemo.csproj", "{6A6D9F35-14B1-43A1-A951-27C9C1385D60}"
EndProject
Global
	GlobalSection(SolutionConfigurationPlatforms) = preSolution
		Debug|Any CPU = Debug|Any CPU
		Debug|Mixed Platforms = Debug|Mixed Platforms
		Debug|x86 = Debug|x86
		Debug|Xbox 360 = Debug|Xbox 360
		Debug|Zune = Debug|Zune
		Release|Any CPU = Release|Any CPU
		Release|Mixed Platforms = Release|Mixed Platforms
		Release|x86 = Release|x86
		Release|Xbox 360 = Release|Xbox 360
		Release|Zune = Release|Zune
	EndGlobalSection
	GlobalSection(ProjectConfigurationPlatforms) = postSolution
		{8AAAB1D0-6C1D-4F92-851B-56D4611A6D1E}.Debug|Any CPU.ActiveCfg = Debug|Any CPU
		{8AAAB1D0-6C1D-4F92-851B-56D4611A6D1E}.Debug|Any CPU.Build.0 = Debug|Any CPU
		{8AAAB1D0-6C1D-4F92-851B-56D4611A6D1E}.Debug|Mixed Platforms.ActiveCfg = Debug|Any CPU
		{8AAAB1D0-6C1D-4F92-851B-56D4611A6D1E}.Debug|Mixed Platforms.Build.0 = Debug|Any CPU
		{8AAAB1D0-6C1D-4F92-851B-56D4611A6D1E}.Debug|x86.ActiveCfg = Debug|Any CPU
		{8AAAB1D0-6C1D-4F92-851B-56D4611A6D1E}.Debug|Xbox 360.ActiveCfg = Debug|Any CPU
		{8AAAB1D0-6C1D-4F92-851B-56D4611A6D1E}.Debug|Zune.ActiveCfg = Debug|Any CPU
		{8AAAB1D0-6C1D-4F92-851B-56D4611A6D1E}.Release|Any CPU.ActiveCfg = Release|Any CPU
		{8AAAB1D0-6C1D-4F92-851B-56D4611A6D1E}.Release|Any CPU.Build.0 = Release|Any CPU
		{8AAAB1D0-6C1D-4F92-851B-56D4611A6D1E}.Release|Mixed Platforms.ActiveCfg = Release|Any CPU
		{8AAAB1D0-6C1D-4F92-851B-56D4611A6D1E}.Release|Mixed Platforms.Build.0 = Release|Any CPU
		{8AAAB1D0-6C1D-4F92-851B-56D4611A6D1E}.Release|x86.ActiveCfg = Release|Any CPU
		{8AAAB1D0-6C1D-4F92-851B-56D4611A6D1E}.Release|Xbox 360.ActiveCfg = Release|Any CPU
		{8AAAB1D0-6C1D-4F92-851B-56D4611A6D1E}.Release|Zune.ActiveCfg = Release|Any CPU
		{199AA449-800E-4908-BF49-778990A2983A}.Debug|Any CPU.ActiveCfg = Debug|Any CPU
		{199AA449-800E-4908-BF49-778990A2983A}.Debug|Any CPU.Build.0 = Debug|Any CPU
		{199AA449-800E-4908-BF49-778990A2983A}.Debug|Mixed Platforms.ActiveCfg = Debug|Any CPU
		{199AA449-800E-4908-BF49-778990A2983A}.Debug|Mixed Platforms.Build.0 = Debug|Any CPU
		{199AA449-800E-4908-BF49-778990A2983A}.Debug|x86.ActiveCfg = Debug|Any CPU
		{199AA449-800E-4908-BF49-778990A2983A}.Debug|Xbox 360.ActiveCfg = Debug|Any CPU
		{199AA449-800E-4908-BF49-778990A2983A}.Debug|Zune.ActiveCfg = Debug|Any CPU
		{199AA449-800E-4908-BF49-778990A2983A}.Release|Any CPU.ActiveCfg = Release|Any CPU
		{199AA449-800E-4908-BF49-778990A2983A}.Release|Any CPU.Build.0 = Release|Any CPU
		{199AA449-800E-4908-BF49-778990A2983A}.Release|Mixed Platforms.ActiveCfg = Release|Any CPU
		{199AA449-800E-4908-BF49-778990A2983A}.Release|Mixed Platforms.Build.0 = Release|Any CPU
		{199AA449-800E-4908-BF49-778990A2983A}.Release|x86.ActiveCfg = Release|Any CPU
		{199AA449-800E-4908-BF49-778990A2983A}.Release|Xbox 360.ActiveCfg = Release|Any CPU
		{199AA449-800E-4908-BF49-778990A2983A}.Release|Zune.ActiveCfg = Release|Any CPU
		{6A6D9F35-14B1-43A1-A951-27C9C1385D60}.Debug|Any CPU.ActiveCfg = Debug|Any CPU
		{6A6D9F35-14B1-43A1-A951-27C9C1385D60}.Debug|Any CPU.Build.0 = Debug|Any CPU
		{6A6D9F35-14B1-43A1-A951-27C9C1385D60}.Debug|Mixed Platforms.ActiveCfg = Debug|Any CPU
		{6A6D9F35-14B1-43A1-A951-27C9C1385D60}.Debug|Mixed Platforms.Build.0 = Debug|Any CPU
		{6A6D9F35-14B1-43A1-A951-27C9C1385D60}.Debug|x86.ActiveCfg = Debug|Any CPU
		{6A6D9F35-14B1-43A1-A951-27C9C1385D60}.Debug|Xbox 360.ActiveCfg = Debug|Any CPU
		{6A6D9F35-14B1-43A1-A951-27C9C1385D60}.Debug|Zune.ActiveCfg = Debug|Any CPU
		{6A6D9F35-14B1-43A1-A951-27C9C1385D60}.Release|Any CPU.ActiveCfg = Release|Any CPU
		{6A6D9F35-14B1-43A1-A951-27C9C1385D60}.Release|Any CPU.Build.0 = Release|Any CPU
		{6A6D9F35-14B1-43A1-A951-27C9C1385D60}.Release|Mixed Platforms.ActiveCfg = Release|Any CPU
		{6A6D9F35-14B1-43A1-A951-27C9C1385D60}.Release|Mixed Platforms.Build.0 = Release|Any CPU
		{6A6D9F35-14B1-43A1-A951-27C9C1385D60}.Release|x86.ActiveCfg = Release|Any CPU
		{6A6D9F35-14B1-43A1-A951-27C9C1385D60}.Release|Xbox 360.ActiveCfg = Release|Any CPU
		{6A6D9F35-14B1-43A1-A951-27C9C1385D60}.Release|Zune.ActiveCfg = Release|Any CPU
	EndGlobalSection
	GlobalSection(SolutionProperties) = preSolution
		HideSolutionNode = FALSE
	EndGlobalSection
EndGlobal
